
Microsoft Visual Studio Solution File, Format Version 12.00
# Visual Studio 2012
Project("{FAE04EC0-301F-11D3-BF4B-00C04F79EFBC}") = "Vxml.Tester.Console", "Vxml\Tester\Console\Vxml.Tester.Console.csproj", "{958A3C9F-1B7E-42BE-AB41-7D896FEFA638}"
EndProject
Project("{FAE04EC0-301F-11D3-BF4B-00C04F79EFBC}") = "Vxml.Tester", "Vxml\Tester\Vxml.Tester.csproj", "{6B0DE298-CD44-41C3-9ECC-042EDA74FD54}"
EndProject
Project("{FAE04EC0-301F-11D3-BF4B-00C04F79EFBC}") = "Vxml.UnitTests", "Vxml\UnitTests\Vxml.UnitTests.csproj", "{01A103AA-BCBA-43A1-8C9A-3C9B9B8E4C51}"
EndProject
Project("{FAE04EC0-301F-11D3-BF4B-00C04F79EFBC}") = "Vxml", "Vxml\Vxml.csproj", "{059623A5-610D-445F-94DE-A1B52056B0F5}"
EndProject
Project("{2150E333-8FDC-42A3-9474-1A3956D46DE8}") = "Vxml", "Vxml", "{5BCEF057-1C08-410D-BDB5-48CFC5DEB887}"
EndProject
Project("{2150E333-8FDC-42A3-9474-1A3956D46DE8}") = "Tester", "Tester", "{13A010D9-6C48-4C03-B18A-F787E197236F}"
EndProject
Project("{2150E333-8FDC-42A3-9474-1A3956D46DE8}") = "UnitTests", "UnitTests", "{D1F2485C-D8FE-4BFE-ACEF-B52461D3C309}"
EndProject
Global
	GlobalSection(SolutionConfigurationPlatforms) = preSolution
		Debug|Any CPU = Debug|Any CPU
		Debug|Mixed Platforms = Debug|Mixed Platforms
		Debug|x86 = Debug|x86
		Release|Any CPU = Release|Any CPU
		Release|Mixed Platforms = Release|Mixed Platforms
		Release|x86 = Release|x86
	EndGlobalSection
	GlobalSection(ProjectConfigurationPlatforms) = postSolution
		{958A3C9F-1B7E-42BE-AB41-7D896FEFA638}.Debug|Any CPU.ActiveCfg = Debug|x86
		{958A3C9F-1B7E-42BE-AB41-7D896FEFA638}.Debug|Mixed Platforms.ActiveCfg = Debug|x86
		{958A3C9F-1B7E-42BE-AB41-7D896FEFA638}.Debug|Mixed Platforms.Build.0 = Debug|x86
		{958A3C9F-1B7E-42BE-AB41-7D896FEFA638}.Debug|x86.ActiveCfg = Debug|x86
		{958A3C9F-1B7E-42BE-AB41-7D896FEFA638}.Debug|x86.Build.0 = Debug|x86
		{958A3C9F-1B7E-42BE-AB41-7D896FEFA638}.Release|Any CPU.ActiveCfg = Release|x86
		{958A3C9F-1B7E-42BE-AB41-7D896FEFA638}.Release|Mixed Platforms.ActiveCfg = Release|x86
		{958A3C9F-1B7E-42BE-AB41-7D896FEFA638}.Release|Mixed Platforms.Build.0 = Release|x86
		{958A3C9F-1B7E-42BE-AB41-7D896FEFA638}.Release|x86.ActiveCfg = Release|x86
		{958A3C9F-1B7E-42BE-AB41-7D896FEFA638}.Release|x86.Build.0 = Release|x86
		{6B0DE298-CD44-41C3-9ECC-042EDA74FD54}.Debug|Any CPU.ActiveCfg = Debug|Any CPU
		{6B0DE298-CD44-41C3-9ECC-042EDA74FD54}.Debug|Any CPU.Build.0 = Debug|Any CPU
		{6B0DE298-CD44-41C3-9ECC-042EDA74FD54}.Debug|Mixed Platforms.ActiveCfg = Debug|Any CPU
		{6B0DE298-CD44-41C3-9ECC-042EDA74FD54}.Debug|Mixed Platforms.Build.0 = Debug|Any CPU
		{6B0DE298-CD44-41C3-9ECC-042EDA74FD54}.Debug|x86.ActiveCfg = Debug|Any CPU
		{6B0DE298-CD44-41C3-9ECC-042EDA74FD54}.Release|Any CPU.ActiveCfg = Release|Any CPU
		{6B0DE298-CD44-41C3-9ECC-042EDA74FD54}.Release|Any CPU.Build.0 = Release|Any CPU
		{6B0DE298-CD44-41C3-9ECC-042EDA74FD54}.Release|Mixed Platforms.ActiveCfg = Release|Any CPU
		{6B0DE298-CD44-41C3-9ECC-042EDA74FD54}.Release|Mixed Platforms.Build.0 = Release|Any CPU
		{6B0DE298-CD44-41C3-9ECC-042EDA74FD54}.Release|x86.ActiveCfg = Release|Any CPU
		{01A103AA-BCBA-43A1-8C9A-3C9B9B8E4C51}.Debug|Any CPU.ActiveCfg = Debug|Any CPU
		{01A103AA-BCBA-43A1-8C9A-3C9B9B8E4C51}.Debug|Any CPU.Build.0 = Debug|Any CPU
		{01A103AA-BCBA-43A1-8C9A-3C9B9B8E4C51}.Debug|Mixed Platforms.ActiveCfg = Debug|Any CPU
		{01A103AA-BCBA-43A1-8C9A-3C9B9B8E4C51}.Debug|Mixed Platforms.Build.0 = Debug|Any CPU
		{01A103AA-BCBA-43A1-8C9A-3C9B9B8E4C51}.Debug|x86.ActiveCfg = Debug|Any CPU
		{01A103AA-BCBA-43A1-8C9A-3C9B9B8E4C51}.Release|Any CPU.ActiveCfg = Release|Any CPU
		{01A103AA-BCBA-43A1-8C9A-3C9B9B8E4C51}.Release|Any CPU.Build.0 = Release|Any CPU
		{01A103AA-BCBA-43A1-8C9A-3C9B9B8E4C51}.Release|Mixed Platforms.ActiveCfg = Release|Any CPU
		{01A103AA-BCBA-43A1-8C9A-3C9B9B8E4C51}.Release|Mixed Platforms.Build.0 = Release|Any CPU
		{01A103AA-BCBA-43A1-8C9A-3C9B9B8E4C51}.Release|x86.ActiveCfg = Release|Any CPU
		{059623A5-610D-445F-94DE-A1B52056B0F5}.Debug|Any CPU.ActiveCfg = Debug|Any CPU
		{059623A5-610D-445F-94DE-A1B52056B0F5}.Debug|Any CPU.Build.0 = Debug|Any CPU
		{059623A5-610D-445F-94DE-A1B52056B0F5}.Debug|Mixed Platforms.ActiveCfg = Debug|Any CPU
		{059623A5-610D-445F-94DE-A1B52056B0F5}.Debug|Mixed Platforms.Build.0 = Debug|Any CPU
		{059623A5-610D-445F-94DE-A1B52056B0F5}.Debug|x86.ActiveCfg = Debug|Any CPU
		{059623A5-610D-445F-94DE-A1B52056B0F5}.Release|Any CPU.ActiveCfg = Release|Any CPU
		{059623A5-610D-445F-94DE-A1B52056B0F5}.Release|Any CPU.Build.0 = Release|Any CPU
		{059623A5-610D-445F-94DE-A1B52056B0F5}.Release|Mixed Platforms.ActiveCfg = Release|Any CPU
		{059623A5-610D-445F-94DE-A1B52056B0F5}.Release|Mixed Platforms.Build.0 = Release|Any CPU
		{059623A5-610D-445F-94DE-A1B52056B0F5}.Release|x86.ActiveCfg = Release|Any CPU
	EndGlobalSection
	GlobalSection(SolutionProperties) = preSolution
		HideSolutionNode = FALSE
	EndGlobalSection
	GlobalSection(NestedProjects) = preSolution
		{059623A5-610D-445F-94DE-A1B52056B0F5} = {5BCEF057-1C08-410D-BDB5-48CFC5DEB887}
		{13A010D9-6C48-4C03-B18A-F787E197236F} = {5BCEF057-1C08-410D-BDB5-48CFC5DEB887}
		{D1F2485C-D8FE-4BFE-ACEF-B52461D3C309} = {5BCEF057-1C08-410D-BDB5-48CFC5DEB887}
		{6B0DE298-CD44-41C3-9ECC-042EDA74FD54} = {13A010D9-6C48-4C03-B18A-F787E197236F}
		{958A3C9F-1B7E-42BE-AB41-7D896FEFA638} = {13A010D9-6C48-4C03-B18A-F787E197236F}
		{01A103AA-BCBA-43A1-8C9A-3C9B9B8E4C51} = {D1F2485C-D8FE-4BFE-ACEF-B52461D3C309}
	EndGlobalSection
EndGlobal
